
Microsoft Visual Studio Solution File, Format Version 12.00
# Visual Studio Version 16
VisualStudioVersion = 16.0.31624.102
MinimumVisualStudioVersion = 10.0.40219.1
Project("{FAE04EC0-301F-11D3-BF4B-00C04F79EFBC}") = "MUTFAGIMDAN", "MUTFAGIMDAN\MUTFAGIMDAN.csproj", "{BF389A36-E7C0-4992-8D3F-B1FC20902545}"
EndProject
Global
	GlobalSection(SolutionConfigurationPlatforms) = preSolution
		Debug|Any CPU = Debug|Any CPU
		Release|Any CPU = Release|Any CPU
	EndGlobalSection
	GlobalSection(ProjectConfigurationPlatforms) = postSolution
		{BF389A36-E7C0-4992-8D3F-B1FC20902545}.Debug|Any CPU.ActiveCfg = Debug|Any CPU
		{BF389A36-E7C0-4992-8D3F-B1FC20902545}.Debug|Any CPU.Build.0 = Debug|Any CPU
		{BF389A36-E7C0-4992-8D3F-B1FC20902545}.Release|Any CPU.ActiveCfg = Release|Any CPU
		{BF389A36-E7C0-4992-8D3F-B1FC20902545}.Release|Any CPU.Build.0 = Release|Any CPU
	EndGlobalSection
	GlobalSection(SolutionProperties) = preSolution
		HideSolutionNode = FALSE
	EndGlobalSection
	GlobalSection(ExtensibilityGlobals) = postSolution
		SolutionGuid = {831A8CE5-38C5-43B0-93B8-2E7B245DEA48}
	EndGlobalSection
EndGlobal
